[[tools.age]]
version = "1.3.1"
backend = "aqua:FiloSottile/age"
"platforms.linux-arm64" = { checksum = "sha256:c6878a324421b69e3e20b00ba17c04bc5c6dab0030cfe55bf8f68fa8d9e9093a", url = "https://github.com/FiloSottile/age/releases/download/v1.3.1/age-v1.3.1-linux-arm64.tar.gz"}
"platforms.linux-x64" = { checksum = "sha256:bdc69c09cbdd6cf8b1f333d372a1f58247b3a33146406333e30c0f26e8f51377", url = "https://github.com/FiloSottile/age/releases/download/v1.3.1/age-v1.3.1-linux-amd64.tar.gz"}
"platforms.macos-arm64" = { checksum = "sha256:01120ea2cbf0463d4c6bd767f99f3271bbed1cdc8a9aa718a76ba1fe4f01998b", url = "https://github.com/FiloSottile/age/releases/download/v1.3.1/age-v1.3.1-darwin-arm64.tar.gz"}
"platforms.windows-x64" = { checksum = "sha256:c56e8ce22f7e80cb85ad946cc82d198767b056366201d3e1a2b93d865be38154", url = "https://github.com/FiloSottile/age/releases/download/v1.3.1/age-v1.3.1-windows-amd64.zip"}

[[tools.helm]]
version = "3.20.0"
backend = "aqua:helm/helm"
"platforms.linux-arm64" = { checksum = "sha256:bfb14953295d5324d47ab55f3dfba6da28d46c848978c8fbf412d4271bdc29f1", url = "https://get.helm.sh/helm-v3.20.0-linux-arm64.tar.gz"}
"platforms.linux-x64" = { checksum = "sha256:dbb4c8fc8e19d159d1a63dda8db655f9ffa4aac1b9a6b188b34a40957119b286", url = "https://get.helm.sh/helm-v3.20.0-linux-amd64.tar.gz"}
"platforms.macos-arm64" = { checksum = "sha256:1cb8022ef9c88026adf236cbdf02a80bf7678632d1c39d3d8045e815959ab20e", url = "https://get.helm.sh/helm-v3.20.0-darwin-arm64.tar.gz"}
"platforms.macos-x64" = { checksum = "sha256:724aef60f737ca73cfcc77924219dbfb229dde8492b2722cb372da617fd77367", url = "https://get.helm.sh/helm-v3.20.0-darwin-amd64.tar.gz"}
"platforms.windows-x64" = { checksum = "sha256:90c265f70339ff06065213bad60fbedd77b70ff9d42fccf0a105e74933f3a064", url = "https://get.helm.sh/helm-v3.20.0-windows-amd64.tar.gz"}

[[tools.kubectl]]
version = "\t1.35.0"
backend = "aqua:kubernetes/kubernetes/kubectl"
"platforms.linux-arm64" = { url = "https://dl.k8s.io/\t1.35.0/bin/linux/arm64/kubectl"}
"platforms.linux-x64" = { url = "https://dl.k8s.io/\t1.35.0/bin/linux/amd64/kubectl"}
"platforms.macos-arm64" = { checksum = "sha256:cf699c56340dc775230fde4ef84237d27563ea6ef52164c7d078072b586c3918", url = "https://dl.k8s.io/\t1.35.0/bin/darwin/arm64/kubectl"}
"platforms.macos-x64" = { url = "https://dl.k8s.io/\t1.35.0/bin/darwin/amd64/kubectl"}
"platforms.windows-x64" = { url = "https://dl.k8s.io/\t1.35.0/bin/windows/amd64/kubectl.exe"}

[[tools.kustomize]]
version = "5.8.0"
backend = "aqua:kubernetes-sigs/kustomize"
"platforms.linux-arm64" = { checksum = "sha256:a4f48b4c3d4ca97d748943e19169de85a2e86e80bcc09558603e2aa66fb15ce1", url = "https://github.com/kubernetes-sigs/kustomize/releases/download/kustomize/v5.8.0/kustomize_v5.8.0_linux_arm64.tar.gz"}
"platforms.linux-x64" = { checksum = "sha256:4dfa8307358dd9284aa4d2b1d5596766a65b93433e8fa3f9f74498941f01c5ef", url = "https://github.com/kubernetes-sigs/kustomize/releases/download/kustomize/v5.8.0/kustomize_v5.8.0_linux_amd64.tar.gz"}
"platforms.macos-arm64" = { checksum = "sha256:d098f62ecda500c752303163838af823f947d245927f3000b629199c1eeeae0f", url = "https://github.com/kubernetes-sigs/kustomize/releases/download/kustomize/v5.8.0/kustomize_v5.8.0_darwin_arm64.tar.gz"}
"platforms.macos-x64" = { checksum = "sha256:2deaa6f96450c0b3204cccd9f159a22278eb6cf85ad545d212d608d2428aeb57", url = "https://github.com/kubernetes-sigs/kustomize/releases/download/kustomize/v5.8.0/kustomize_v5.8.0_darwin_amd64.tar.gz"}
"platforms.windows-x64" = { checksum = "sha256:7779999c8eb7bdbbaa55c6ecf4fadfdbe7508199ea189f06862835e7e5cb1e41", url = "https://github.com/kubernetes-sigs/kustomize/releases/download/kustomize/v5.8.0/kustomize_v5.8.0_windows_amd64.zip"}

[[tools.talos]]
version = "1.12.2"
backend = "aqua:siderolabs/talos"
"platforms.linux-arm64" = { checksum = "sha256:261427453e4c34ecb55a7b6195548acaa0157d7a50d1412697d5865bd269c5f3", url = "https://github.com/siderolabs/talos/releases/download/v1.12.2/talosctl-linux-arm64"}
"platforms.linux-x64" = { checksum = "sha256:afdd8f7cacbcb0950f3884b4fb90475cc7ee8233331159d7b4d5935be90b5ceb", url = "https://github.com/siderolabs/talos/releases/download/v1.12.2/talosctl-linux-amd64"}
"platforms.macos-arm64" = { checksum = "sha256:0c0bad4e2e803464a546be3035d3e75cbfeb0ecdf1bed108e932c4b8f1a4e401", url = "https://github.com/siderolabs/talos/releases/download/v1.12.2/talosctl-darwin-arm64"}
"platforms.macos-x64" = { checksum = "sha256:4145e01a1e930110876b006db116cfc1d7d69eb220d4ea615c8b2343507e7d3a", url = "https://github.com/siderolabs/talos/releases/download/v1.12.2/talosctl-darwin-amd64"}
"platforms.windows-x64" = { checksum = "sha256:e024745cb94805176a291ce04ec7fa13a9400609f60763a5335badda570d5f82", url = "https://github.com/siderolabs/talos/releases/download/v1.12.2/talosctl-windows-amd64.exe"}
