# @generated - this file is auto-generated by `mise lock` https://mise.jdx.dev/dev-tools/mise-lock.html

[[tools.age]]
version = "1.3.1"
backend = "aqua:FiloSottile/age"

[tools.age."platforms.linux-arm64"]
checksum = "sha256:c6878a324421b69e3e20b00ba17c04bc5c6dab0030cfe55bf8f68fa8d9e9093a"
url = "https://github.com/FiloSottile/age/releases/download/v1.3.1/age-v1.3.1-linux-arm64.tar.gz"

[tools.age."platforms.linux-x64"]
checksum = "sha256:bdc69c09cbdd6cf8b1f333d372a1f58247b3a33146406333e30c0f26e8f51377"
url = "https://github.com/FiloSottile/age/releases/download/v1.3.1/age-v1.3.1-linux-amd64.tar.gz"

[tools.age."platforms.macos-arm64"]
checksum = "sha256:01120ea2cbf0463d4c6bd767f99f3271bbed1cdc8a9aa718a76ba1fe4f01998b"
url = "https://github.com/FiloSottile/age/releases/download/v1.3.1/age-v1.3.1-darwin-arm64.tar.gz"

[tools.age."platforms.windows-x64"]
checksum = "sha256:c56e8ce22f7e80cb85ad946cc82d198767b056366201d3e1a2b93d865be38154"
url = "https://github.com/FiloSottile/age/releases/download/v1.3.1/age-v1.3.1-windows-amd64.zip"

[[tools.helm]]
version = "3.20.1"
backend = "aqua:helm/helm"

[tools.helm."platforms.linux-arm64"]
checksum = "sha256:56b9d1b0e0efbb739be6e68a37860ace8ec9c7d3e6424e3b55d4c459bc3a0401"
url = "https://get.helm.sh/helm-v3.20.1-linux-arm64.tar.gz"

[tools.helm."platforms.linux-arm64-musl"]
checksum = "sha256:56b9d1b0e0efbb739be6e68a37860ace8ec9c7d3e6424e3b55d4c459bc3a0401"
url = "https://get.helm.sh/helm-v3.20.1-linux-arm64.tar.gz"

[tools.helm."platforms.linux-x64"]
checksum = "sha256:0165ee4a2db012cc657381001e593e981f42aa5707acdd50658326790c9d0dc3"
url = "https://get.helm.sh/helm-v3.20.1-linux-amd64.tar.gz"

[tools.helm."platforms.linux-x64-musl"]
checksum = "sha256:0165ee4a2db012cc657381001e593e981f42aa5707acdd50658326790c9d0dc3"
url = "https://get.helm.sh/helm-v3.20.1-linux-amd64.tar.gz"

[tools.helm."platforms.macos-arm64"]
checksum = "sha256:75cc96ac3fe8b8b9928eb051e55698e98d1e026967b6bffe4f0f3c538a551b65"
url = "https://get.helm.sh/helm-v3.20.1-darwin-arm64.tar.gz"

[tools.helm."platforms.macos-x64"]
checksum = "sha256:580515b544d5c966edc6f782c9ae88e21a9e10c786a7d6c5fd4b52613f321076"
url = "https://get.helm.sh/helm-v3.20.1-darwin-amd64.tar.gz"

[tools.helm."platforms.windows-x64"]
checksum = "sha256:250ab437383d61a4dab05cf37fe498373d118efbcfcb8d48a8c099925a1b9104"
url = "https://get.helm.sh/helm-v3.20.1-windows-amd64.tar.gz"

[[tools.kubectl]]
version = "1.35.3"
backend = "aqua:kubernetes/kubernetes/kubectl"

[tools.kubectl."platforms.linux-arm64"]
checksum = "sha256:6f0cd088a82dde5d5807122056069e2fac4ed447cc518efc055547ae46525f14"
url = "https://dl.k8s.io/v1.35.3/bin/linux/arm64/kubectl"

[tools.kubectl."platforms.linux-arm64-musl"]
checksum = "sha256:6f0cd088a82dde5d5807122056069e2fac4ed447cc518efc055547ae46525f14"
url = "https://dl.k8s.io/v1.35.3/bin/linux/arm64/kubectl"

[tools.kubectl."platforms.linux-x64"]
checksum = "sha256:fd31c7d7129260e608f6faf92d5984c3267ad0b5ead3bced2fe125686e286ad6"
url = "https://dl.k8s.io/v1.35.3/bin/linux/amd64/kubectl"

[tools.kubectl."platforms.linux-x64-musl"]
checksum = "sha256:fd31c7d7129260e608f6faf92d5984c3267ad0b5ead3bced2fe125686e286ad6"
url = "https://dl.k8s.io/v1.35.3/bin/linux/amd64/kubectl"

[tools.kubectl."platforms.macos-arm64"]
checksum = "sha256:280651239d84bab214ba83403666bf6976a5fa0dbdb41404f26eb6f276d34963"
url = "https://dl.k8s.io/v1.35.3/bin/darwin/arm64/kubectl"

[tools.kubectl."platforms.macos-x64"]
checksum = "sha256:2f339b1eae2e1792ec08da281b37afbeee94f70bed6b7398e7efd81ba08f8d37"
url = "https://dl.k8s.io/v1.35.3/bin/darwin/amd64/kubectl"

[tools.kubectl."platforms.windows-x64"]
checksum = "sha256:6c367f9c34be9a13a94eb523dd62006973e1d051adea7d6bcf800dde3f6e84df"
url = "https://dl.k8s.io/v1.35.3/bin/windows/amd64/kubectl.exe"

[[tools.kustomize]]
version = "5.8.0"
backend = "aqua:kubernetes-sigs/kustomize"

[tools.kustomize."platforms.linux-arm64"]
checksum = "sha256:a4f48b4c3d4ca97d748943e19169de85a2e86e80bcc09558603e2aa66fb15ce1"
url = "https://github.com/kubernetes-sigs/kustomize/releases/download/kustomize/v5.8.0/kustomize_v5.8.0_linux_arm64.tar.gz"

[tools.kustomize."platforms.linux-x64"]
checksum = "sha256:4dfa8307358dd9284aa4d2b1d5596766a65b93433e8fa3f9f74498941f01c5ef"
url = "https://github.com/kubernetes-sigs/kustomize/releases/download/kustomize/v5.8.0/kustomize_v5.8.0_linux_amd64.tar.gz"

[tools.kustomize."platforms.macos-arm64"]
checksum = "sha256:d098f62ecda500c752303163838af823f947d245927f3000b629199c1eeeae0f"
url = "https://github.com/kubernetes-sigs/kustomize/releases/download/kustomize/v5.8.0/kustomize_v5.8.0_darwin_arm64.tar.gz"

[tools.kustomize."platforms.macos-x64"]
checksum = "sha256:2deaa6f96450c0b3204cccd9f159a22278eb6cf85ad545d212d608d2428aeb57"
url = "https://github.com/kubernetes-sigs/kustomize/releases/download/kustomize/v5.8.0/kustomize_v5.8.0_darwin_amd64.tar.gz"

[tools.kustomize."platforms.windows-x64"]
checksum = "sha256:7779999c8eb7bdbbaa55c6ecf4fadfdbe7508199ea189f06862835e7e5cb1e41"
url = "https://github.com/kubernetes-sigs/kustomize/releases/download/kustomize/v5.8.0/kustomize_v5.8.0_windows_amd64.zip"

[[tools.talos]]
version = "1.12.4"
backend = "aqua:siderolabs/talos"

[tools.talos."platforms.macos-arm64"]
checksum = "sha256:f4c94d4832e9d41f67cc63cd362cc0bfd44d8c675e9ff04541411be40916096c"
url = "https://github.com/siderolabs/talos/releases/download/v1.12.4/talosctl-darwin-arm64"
